# THIS IS AN AUTOGENERATED FILE. DO NOT EDIT THIS FILE DIRECTLY.
# yarn lockfile v1


"@types/uuid@^9.0.0":
  version "9.0.0"
  resolved "https://registry.yarnpkg.com/@types/uuid/-/uuid-9.0.0.tgz#53ef263e5239728b56096b0a869595135b7952d2"
  integrity sha512-kr90f+ERiQtKWMz5rP32ltJ/BtULDI5RVO0uavn1HQUOwjx0R1h0rnDYNL0CepF1zL5bSY6FISAfd9tOdDhU5Q==

mkdirp@^2.1.3:
  version "2.1.3"
  resolved "https://registry.yarnpkg.com/mkdirp/-/mkdirp-2.1.3.tgz#b083ff37be046fd3d6552468c1f0ff44c1545d1f"
  integrity sha512-sjAkg21peAG9HS+Dkx7hlG9Ztx7HLeKnvB3NQRcu/mltCVmvkF0pisbiTSfDVYTT86XEfZrTUosLdZLStquZUw==

rimraf@^4.1.2:
  version "4.1.2"
  resolved "https://registry.yarnpkg.com/rimraf/-/rimraf-4.1.2.tgz#20dfbc98083bdfaa28b01183162885ef213dbf7c"
  integrity sha512-BlIbgFryTbw3Dz6hyoWFhKk+unCcHMSkZGrTFVAx2WmttdBSonsdtRlwiuTbDqTKr+UlXIUqJVS4QT5tUzGENQ==

uuid@^9.0.0:
  version "9.0.0"
  resolved "https://registry.yarnpkg.com/uuid/-/uuid-9.0.0.tgz#592f550650024a38ceb0c562f2f6aa435761efb5"
  integrity sha512-MXcSTerfPa4uqyzStbRoTgt5XIe3x5+42+q1sDuy3R5MDk66URdLMOZe5aPX/SQd+kuYAh0FdP/pO28IkQyTeg==
